
Microsoft Visual Studio Solution File, Format Version 12.00
# Visual Studio 14
VisualStudioVersion = 14.0.25123.0
MinimumVisualStudioVersion = 10.0.40219.1
Project("{70A53060-4CE6-4D2C-98CD-B952AB38F1B0}") = "Sitecore.Support.309807", "Sitecore.Support.309807\Sitecore.Support.309807.csproj", "{E9DC7B9F-D687-45CD-95BE-CFD19F0A9FED}"
EndProject
Global
	GlobalSection(SolutionConfigurationPlatforms) = preSolution
		Debug|Any CPU = Debug|Any CPU
		Release|Any CPU = Release|Any CPU
	EndGlobalSection
	GlobalSection(ProjectConfigurationPlatforms) = postSolution
		{E9DC7B9F-D687-45CD-95BE-CFD19F0A9FED}.Debug|Any CPU.ActiveCfg = Debug|Any CPU
		{E9DC7B9F-D687-45CD-95BE-CFD19F0A9FED}.Debug|Any CPU.Build.0 = Debug|Any CPU
		{E9DC7B9F-D687-45CD-95BE-CFD19F0A9FED}.Release|Any CPU.ActiveCfg = Release|Any CPU
		{E9DC7B9F-D687-45CD-95BE-CFD19F0A9FED}.Release|Any CPU.Build.0 = Release|Any CPU
	EndGlobalSection
	GlobalSection(SolutionProperties) = preSolution
		HideSolutionNode = FALSE
	EndGlobalSection
EndGlobal
